{
    "_meta": {
        "hash": {
            "sha256": "49321a337712cce0650b2d3499a0fa3ff536b397d143096658df574ac899d8b6"
        },
        "pipfile-spec": 6,
        "requires": {
            "python_version": "3.13"
        },
        "sources": [
            {
                "name": "pypi",
                "url": "https://pypi.org/simple",
                "verify_ssl": true
            }
        ]
    },
    "default": {
        "asttokens": {
            "hashes": [
                "sha256:0dcd8baa8d62b0c1d118b399b2ddba3c4aff271d0d7a9e0d4c1681c79035bbc7",
                "sha256:e3078351a059199dd5138cb1c706e6430c05eff2ff136af5eb4790f9d28932e2"
            ],
            "markers": "python_version >= '3.8'",
            "version": "==3.0.0"
        },
        "decorator": {
            "hashes": [
                "sha256:65f266143752f734b0a7cc83c46f4618af75b8c5911b00ccb61d0ac9b6da0360",
                "sha256:d316bb415a2d9e2d2b3abcc4084c6502fc09240e292cd76a76afc106a1c8e04a"
            ],
            "markers": "python_version >= '3.8'",
            "version": "==5.2.1"
        },
        "directory-tree": {
            "hashes": [
                "sha256:2484ba5e9d35e087703913cc85e920f08b9b942859b9f5a0eae24699d3364734",
                "sha256:d65b404d7e561db62e6321f36c612cd12da2e9fbe5cbae98da73ce14c0ec910d"
            ],
            "index": "pypi",
            "version": "==1.0.0"
        },
        "executing": {
            "hashes": [
                "sha256:11387150cad388d62750327a53d3339fad4888b39a6fe233c3afbb54ecffd3aa",
                "sha256:5d108c028108fe2551d1a7b2e8b713341e2cb4fc0aa7dcf966fa4327a5226755"
            ],
            "markers": "python_version >= '3.8'",
            "version": "==2.2.0"
        },
        "ipdb": {
            "hashes": [
                "sha256:45529994741c4ab6d2388bfa5d7b725c2cf7fe9deffabdb8a6113aa5ed449ed4",
                "sha256:e3ac6018ef05126d442af680aad863006ec19d02290561ac88b8b1c0b0cfc726"
            ],
            "index": "pypi",
            "markers": "python_version >= '2.7' and python_version not in '3.0, 3.1, 3.2, 3.3'",
            "version": "==0.13.13"
        },
        "ipython": {
            "hashes": [
                "sha256:377ea91c8226b48dc9021ac9846a64761abc7ddf74c5efe38e6eb06f6e052f3a",
                "sha256:3e878273824b52e0a2280ed84f8193aba8c4ba9a6f45a438348a3d5ef1a34bd0"
            ],
            "markers": "python_version >= '3.11'",
            "version": "==9.0.1"
        },
        "ipython-pygments-lexers": {
            "hashes": [
                "sha256:09c0138009e56b6854f9535736f4171d855c8c08a563a0dcd8022f78355c7e81",
                "sha256:a9462224a505ade19a605f71f8fa63c2048833ce50abc86768a0d81d876dc81c"
            ],
            "markers": "python_version >= '3.8'",
            "version": "==1.1.1"
        },
        "jedi": {
            "hashes": [
                "sha256:4770dc3de41bde3966b02eb84fbcf557fb33cce26ad23da12c742fb50ecb11f0",
                "sha256:a8ef22bde8490f57fe5c7681a3c83cb58874daf72b4784de3cce5b6ef6edb5b9"
            ],
            "markers": "python_version >= '3.6'",
            "version": "==0.19.2"
        },
        "matplotlib-inline": {
            "hashes": [
                "sha256:8423b23ec666be3d16e16b60bdd8ac4e86e840ebd1dd11a30b9f117f2fa0ab90",
                "sha256:df192d39a4ff8f21b1895d72e6a13f5fcc5099f00fa84384e0ea28c2cc0653ca"
            ],
            "markers": "python_version >= '3.8'",
            "version": "==0.1.7"
        },
        "parso": {
            "hashes": [
                "sha256:a418670a20291dacd2dddc80c377c5c3791378ee1e8d12bffc35420643d43f18",
                "sha256:eb3a7b58240fb99099a345571deecc0f9540ea5f4dd2fe14c2a99d6b281ab92d"
            ],
            "markers": "python_version >= '3.6'",
            "version": "==0.8.4"
        },
        "pexpect": {
            "hashes": [
                "sha256:7236d1e080e4936be2dc3e326cec0af72acf9212a7e1d060210e70a47e253523",
                "sha256:ee7d41123f3c9911050ea2c2dac107568dc43b2d3b0c7557a33212c398ead30f"
            ],
            "markers": "sys_platform != 'win32' and sys_platform != 'emscripten'",
            "version": "==4.9.0"
        },
        "prompt-toolkit": {
            "hashes": [
                "sha256:544748f3860a2623ca5cd6d2795e7a14f3d0e1c3c9728359013f79877fc89bab",
                "sha256:9b6427eb19e479d98acff65196a307c555eb567989e6d88ebbb1b509d9779198"
            ],
            "markers": "python_full_version >= '3.8.0'",
            "version": "==3.0.50"
        },
        "ptyprocess": {
            "hashes": [
                "sha256:4b41f3967fce3af57cc7e94b888626c18bf37a083e3651ca8feeb66d492fef35",
                "sha256:5c5d0a3b48ceee0b48485e0c26037c0acd7d29765ca3fbb5cb3831d347423220"
            ],
            "version": "==0.7.0"
        },
        "pure-eval": {
            "hashes": [
                "sha256:1db8e35b67b3d218d818ae653e27f06c3aa420901fa7b081ca98cbedc874e0d0",
                "sha256:5f4e983f40564c576c7c8635ae88db5956bb2229d7e9237d03b3c0b0190eaf42"
            ],
            "version": "==0.2.3"
        },
        "pygments": {
            "hashes": [
                "sha256:61c16d2a8576dc0649d9f39e089b5f02bcd27fba10d8fb4dcc28173f7a45151f",
                "sha256:9ea1544ad55cecf4b8242fab6dd35a93bbce657034b0611ee383099054ab6d8c"
            ],
            "markers": "python_version >= '3.8'",
            "version": "==2.19.1"
        },
        "stack-data": {
            "hashes": [
                "sha256:836a778de4fec4dcd1dcd89ed8abff8a221f58308462e1c4aa2a3cf30148f0b9",
                "sha256:d5558e0c25a4cb0853cddad3d77da9891a08cb85dd9f9f91b9f8cd66e511e695"
            ],
            "version": "==0.6.3"
        },
        "traitlets": {
            "hashes": [
                "sha256:9ed0579d3502c94b4b3732ac120375cda96f923114522847de4b3bb98b96b6b7",
                "sha256:b74e89e397b1ed28cc831db7aea759ba6640cb3de13090ca145426688ff1ac4f"
            ],
            "markers": "python_version >= '3.8'",
            "version": "==5.14.3"
        },
        "tree-sitter": {
            "hashes": [
                "sha256:01ea01a7003b88b92f7f875da6ba9d5d741e0c84bb1bd92c503c0eecd0ee6409",
                "sha256:033506c1bc2ba7bd559b23a6bdbeaf1127cee3c68a094b82396718596dfe98bc",
                "sha256:098a81df9f89cf254d92c1cd0660a838593f85d7505b28249216661d87adde4a",
                "sha256:0b26bf9e958da6eb7e74a081aab9d9c7d05f9baeaa830dbb67481898fd16f1f5",
                "sha256:0d4a6416ed421c4210f0ca405a4834d5ccfbb8ad6692d4d74f7773ef68f92071",
                "sha256:14beeff5f11e223c37be7d5d119819880601a80d0399abe8c738ae2288804afc",
                "sha256:23641bd25dcd4bb0b6fa91b8fb3f46cc9f1c9f475efe4d536d3f1f688d1b84c8",
                "sha256:24a8dd03b0d6b8812425f3b84d2f4763322684e38baf74e5bb766128b5633dc7",
                "sha256:26a5b130f70d5925d67b47db314da209063664585a2fd36fa69e0717738efaf4",
                "sha256:2a84ff87a2f2a008867a1064aba510ab3bd608e3e0cd6e8fef0379efee266c73",
                "sha256:3b1f3cbd9700e1fba0be2e7d801527e37c49fc02dc140714669144ef6ab58dce",
                "sha256:464fa5b2cac63608915a9de8a6efd67a4da1929e603ea86abaeae2cb1fe89921",
                "sha256:4ddb113e6b8b3e3b199695b1492a47d87d06c538e63050823d90ef13cac585fd",
                "sha256:57277a12fbcefb1c8b206186068d456c600dbfbc3fd6c76968ee22614c5cd5ad",
                "sha256:5fc5c3c26d83c9d0ecb4fc4304fba35f034b7761d35286b936c1db1217558b4e",
                "sha256:772e1bd8c0931c866b848d0369b32218ac97c24b04790ec4b0e409901945dd8e",
                "sha256:7d5d9537507e1c8c5fa9935b34f320bfec4114d675e028f3ad94f11cf9db37b9",
                "sha256:a7c9c89666dea2ce2b2bf98e75f429d2876c569fab966afefdcd71974c6d8538",
                "sha256:abd95af65ca2f4f7eca356343391ed669e764f37748b5352946f00f7fc78e734",
                "sha256:c012e4c345c57a95d92ab5a890c637aaa51ab3b7ff25ed7069834b1087361c95",
                "sha256:d25fa22766d63f73716c6fec1a31ee5cf904aa429484256bd5fdf5259051ed74",
                "sha256:de0fb7c18c6068cacff46250c0a0473e8fc74d673e3e86555f131c2c1346fb13",
                "sha256:e0992d483677e71d5c5d37f30dfb2e3afec2f932a9c53eec4fca13869b788c6c",
                "sha256:f3f00feff1fc47a8e4863561b8da8f5e023d382dd31ed3e43cd11d4cae445445",
                "sha256:f3f08a2ca9f600b3758792ba2406971665ffbad810847398d180c48cee174ee2",
                "sha256:f58bb4956917715ec4d5a28681829a8dad5c342cafd4aea269f9132a83ca9b34",
                "sha256:f733a83d8355fc95561582b66bbea92ffd365c5d7a665bc9ebd25e049c2b2abb",
                "sha256:f9691be48d98c49ef8f498460278884c666b44129222ed6217477dffad5d4831",
                "sha256:f9e8b1605ab60ed43803100f067eed71b0b0e6c1fb9860a262727dbfbbb74751"
            ],
            "index": "pypi",
            "markers": "python_version >= '3.10'",
            "version": "==0.24.0"
        },
        "tree-sitter-bash": {
            "hashes": [
                "sha256:1f703d1bf6235355f6c900be64bf9f61fc4b1d0cfed6829b4eeb74a6b41ea910",
                "sha256:2ff7bffc3d594e7f1054de051e19df1b24082963598a175dda64083c6b3eea1a",
                "sha256:4427baccbd7549a2ebb1859b6d42cdab0739c05d53c2b3daad9cadc069a7b3f6",
                "sha256:525c5cce28a7c5624fb016ac8f3ae33d32968567b718f7878c6351229d2e8394",
                "sha256:5a090118e887bf667d82ae445794906186216f5500e0d2cd58eb499f7502dc57",
                "sha256:7b15ed89a1ea8e3e3c2399758746413e464d4c1c3a6d3b75d643ae2bc2fb356b",
                "sha256:aa4b5dde719291eea3a81b1f9ece6afeee2deadc2b2f769bee92f955da7595cf",
                "sha256:c1ee7a46fcbfca9937d01056be756631762f53c5afdb8c4ab64eb9fed060896b"
            ],
            "index": "pypi",
            "markers": "python_version >= '3.9'",
            "version": "==0.23.3"
        },
        "tree-sitter-javascript": {
            "hashes": [
                "sha256:041fa22b34250ea6eb313d33104d5303f79504cb259d374d691e38bbdc49145b",
                "sha256:056dc04fb6b24293f8c5fec43c14e7e16ba2075b3009c643abf8c85edc4c7c3c",
                "sha256:5a6bc1055b061c5055ec58f39ee9b2e9efb8e6e0ae970838af74da0afb811f0a",
                "sha256:6ca583dad4bd79d3053c310b9f7208cd597fd85f9947e4ab2294658bb5c11e35",
                "sha256:94100e491a6a247aa4d14caf61230c171b6376c863039b6d9cd71255c2d815ec",
                "sha256:a11ca1c0f736da42967586b568dff8a465ee148a986c15ebdc9382806e0ce871",
                "sha256:b2059ce8b150162cda05a457ca3920450adbf915119c04b8c67b5241cd7fcfed",
                "sha256:eb28130cd2fb30d702d614cbf61ef44d1c7f6869e7d864a9cc17111e370be8f7"
            ],
            "index": "pypi",
            "markers": "python_version >= '3.9'",
            "version": "==0.23.1"
        },
        "tree-sitter-python": {
            "hashes": [
                "sha256:28fbec8f74eeb2b30292d97715e60fac9ccf8a8091ce19b9d93e9b580ed280fb",
                "sha256:29dacdc0cd2f64e55e61d96c6906533ebb2791972bec988450c46cce60092f5d",
                "sha256:354bfa0a2f9217431764a631516f85173e9711af2c13dbd796a8815acfe505d9",
                "sha256:680b710051b144fedf61c95197db0094f2245e82551bf7f0c501356333571f7a",
                "sha256:71334371bd73d5fe080aed39fbff49ed8efb9506edebe16795b0c7567ed6a272",
                "sha256:7e048733c36f564b379831689006801feb267d8194f9e793fbb395ef1723335d",
                "sha256:8a9dcef55507b6567207e8ee0a6b053d0688019b47ff7f26edc1764b7f4dc0a4",
                "sha256:a24027248399fb41594b696f929f9956828ae7cc85596d9f775e6c239cd0c2be"
            ],
            "index": "pypi",
            "markers": "python_version >= '3.9'",
            "version": "==0.23.6"
        },
        "tree-sitter-typescript": {
            "hashes": [
                "sha256:05db58f70b95ef0ea126db5560f3775692f609589ed6f8dd0af84b7f19f1cbb7",
                "sha256:3cd752d70d8e5371fdac6a9a4df9d8924b63b6998d268586f7d374c9fba2a478",
                "sha256:3f730b66396bc3e11811e4465c41ee45d9e9edd6de355a58bbbc49fa770da8f9",
                "sha256:4b1eed5b0b3a8134e86126b00b743d667ec27c63fc9de1b7bb23168803879e31",
                "sha256:7b167b5827c882261cb7a50dfa0fb567975f9b315e87ed87ad0a0a3aedb3834d",
                "sha256:8d4f0f9bcb61ad7b7509d49a1565ff2cc363863644a234e1e0fe10960e55aea0",
                "sha256:c7cc1b0ff5d91bac863b0e38b1578d5505e718156c9db577c8baea2557f66de8",
                "sha256:e96d36b85bcacdeb8ff5c2618d75593ef12ebaf1b4eace3477e2bdb2abb1752c"
            ],
            "index": "pypi",
            "markers": "python_version >= '3.9'",
            "version": "==0.23.2"
        },
        "wcwidth": {
            "hashes": [
                "sha256:3da69048e4540d84af32131829ff948f1e022c1c6bdb8d6102117aac784f6859",
                "sha256:72ea0c06399eb286d978fdedb6923a9eb47e1c486ce63e9b4e64fc18303972b5"
            ],
            "version": "==0.2.13"
        }
    },
    "develop": {}
}
